
Microsoft Visual Studio Solution File, Format Version 12.00
# Visual Studio Version 16
VisualStudioVersion = 16.0.30309.148
MinimumVisualStudioVersion = 10.0.40219.1
Project("{9A19103F-16F7-4668-BE54-9A1E7A4F7556}") = "BookLoan", "BookLoan.csproj", "{31FC65B3-BE6B-48AD-B0A4-C7BA62C73C28}"
EndProject
Global
	GlobalSection(SolutionConfigurationPlatforms) = preSolution
		Debug|Any CPU = Debug|Any CPU
		Release|Any CPU = Release|Any CPU
	EndGlobalSection
	GlobalSection(ProjectConfigurationPlatforms) = postSolution
		{31FC65B3-BE6B-48AD-B0A4-C7BA62C73C28}.Debug|Any CPU.ActiveCfg = Debug|Any CPU
		{31FC65B3-BE6B-48AD-B0A4-C7BA62C73C28}.Debug|Any CPU.Build.0 = Debug|Any CPU
		{31FC65B3-BE6B-48AD-B0A4-C7BA62C73C28}.Release|Any CPU.ActiveCfg = Release|Any CPU
		{31FC65B3-BE6B-48AD-B0A4-C7BA62C73C28}.Release|Any CPU.Build.0 = Release|Any CPU
	EndGlobalSection
	GlobalSection(SolutionProperties) = preSolution
		HideSolutionNode = FALSE
	EndGlobalSection
	GlobalSection(ExtensibilityGlobals) = postSolution
		SolutionGuid = {17FEE220-2DD0-4538-90E0-960397FE172E}
	EndGlobalSection
EndGlobal
